
Microsoft Visual Studio Solution File, Format Version 12.00
# Visual Studio Version 16
VisualStudioVersion = 16.0.30717.126
MinimumVisualStudioVersion = 10.0.40219.1
Project("{FAE04EC0-301F-11D3-BF4B-00C04F79EFBC}") = "SkiitttzsRespawnMod", "SkiitttzsRespawnMod.csproj", "{3E031EA0-FF5F-45FB-9A5F-E1A1BB71A101}"
EndProject
Global
	GlobalSection(SolutionConfigurationPlatforms) = preSolution
		Debug|Any CPU = Debug|Any CPU
		Release|Any CPU = Release|Any CPU
	EndGlobalSection
	GlobalSection(ProjectConfigurationPlatforms) = postSolution
		{3E031EA0-FF5F-45FB-9A5F-E1A1BB71A101}.Debug|Any CPU.ActiveCfg = Debug|Any CPU
		{3E031EA0-FF5F-45FB-9A5F-E1A1BB71A101}.Debug|Any CPU.Build.0 = Debug|Any CPU
		{3E031EA0-FF5F-45FB-9A5F-E1A1BB71A101}.Release|Any CPU.ActiveCfg = Release|Any CPU
		{3E031EA0-FF5F-45FB-9A5F-E1A1BB71A101}.Release|Any CPU.Build.0 = Release|Any CPU
	EndGlobalSection
	GlobalSection(SolutionProperties) = preSolution
		HideSolutionNode = FALSE
	EndGlobalSection
	GlobalSection(ExtensibilityGlobals) = postSolution
		SolutionGuid = {0BB79255-F8BB-4C16-90CB-1B8201450EBE}
	EndGlobalSection
EndGlobal
